
Microsoft Visual Studio Solution File, Format Version 12.00
# Visual Studio Version 17
VisualStudioVersion = 17.4.33103.184
MinimumVisualStudioVersion = 10.0.40219.1
Project("{2150E333-8FDC-42A3-9474-1A3956D46DE8}") = "Services", "Services", "{33BE4197-1BAC-47AB-93F4-B9936D86C1A1}"
EndProject
Project("{2150E333-8FDC-42A3-9474-1A3956D46DE8}") = "Domain", "Domain", "{2E26F726-6515-428F-BAC0-54EA113F3C31}"
EndProject
Project("{2150E333-8FDC-42A3-9474-1A3956D46DE8}") = "Infrastructure.IoC", "Infrastructure.IoC", "{9CEDDFE1-0948-4022-99BA-3C09D942037D}"
EndProject
Project("{2150E333-8FDC-42A3-9474-1A3956D46DE8}") = "Presentation", "Presentation", "{14439CA3-8395-4E1E-8F5F-2A18CCFEB39B}"
EndProject
Project("{FAE04EC0-301F-11D3-BF4B-00C04F79EFBC}") = "MicroRabbit.Domain.Core", "Domain\MicroRabbit.Domain.Core\MicroRabbit.Domain.Core.csproj", "{995AD61D-FF28-48BA-822F-7083B75129A5}"
EndProject
Project("{FAE04EC0-301F-11D3-BF4B-00C04F79EFBC}") = "MicroRabbit.Infrastructure.IoC", "Infrastructure.IoC\MicroRabbit.Infrastructure.IoC\MicroRabbit.Infrastructure.IoC.csproj", "{14434342-85BE-4D7C-85B4-7CFA96274C32}"
EndProject
Project("{2150E333-8FDC-42A3-9474-1A3956D46DE8}") = "Infrastructure.Bus", "Infrastructure.Bus", "{D2B6F5C0-0D7A-4E70-A52E-CC39BE1857FE}"
EndProject
Project("{FAE04EC0-301F-11D3-BF4B-00C04F79EFBC}") = "MicroRabbit.Infrastructure.Bus", "Infrastructure.Bus\MicroRabbit.Infrastructure.Bus\MicroRabbit.Infrastructure.Bus.csproj", "{74CD9785-38EE-47FE-8DDE-712BE9E22AFA}"
EndProject
Project("{2150E333-8FDC-42A3-9474-1A3956D46DE8}") = "Banking", "Banking", "{F9A3034D-6194-4BD6-AFED-68BC342DADC9}"
EndProject
Project("{2150E333-8FDC-42A3-9474-1A3956D46DE8}") = "Api", "Api", "{E3C893B5-5473-4612-81EB-A7FC5EFADB14}"
EndProject
Project("{2150E333-8FDC-42A3-9474-1A3956D46DE8}") = "Domain", "Domain", "{D89EC720-AFD6-4F77-876C-124E31241BE6}"
EndProject
Project("{2150E333-8FDC-42A3-9474-1A3956D46DE8}") = "Application", "Application", "{B9912505-B36C-45B2-A7D5-D72B446CE08C}"
EndProject
Project("{2150E333-8FDC-42A3-9474-1A3956D46DE8}") = "Data", "Data", "{70E3550D-8297-4914-91C3-D9D50353C540}"
EndProject
Project("{FAE04EC0-301F-11D3-BF4B-00C04F79EFBC}") = "MicroRabbit.Banking.Api", "Services\Banking\Api\MicroRabbit.Banking.Api\MicroRabbit.Banking.Api.csproj", "{384941AF-E484-4FC8-AA22-E2305FC9641B}"
EndProject
Project("{FAE04EC0-301F-11D3-BF4B-00C04F79EFBC}") = "MicroRabbit.Banking.Application", "Services\Banking\Application\MicroRabbit.Banking.Application\MicroRabbit.Banking.Application.csproj", "{C234A3ED-F631-4DE4-93DD-0AA04D3B54C4}"
EndProject
Project("{FAE04EC0-301F-11D3-BF4B-00C04F79EFBC}") = "MicroRabbit.Banking.Data", "Services\Banking\Data\MicroRabbit.Banking.Data\MicroRabbit.Banking.Data.csproj", "{B7580A06-9374-46F5-91B4-CD11AC156733}"
EndProject
Project("{FAE04EC0-301F-11D3-BF4B-00C04F79EFBC}") = "MicroRabbit.Banking.Domain", "Services\Banking\Domain\MicroRabbit.Banking.Domain\MicroRabbit.Banking.Domain.csproj", "{D4E22E05-7A49-4B9A-81D1-B406B0078492}"
EndProject
Global
	GlobalSection(SolutionConfigurationPlatforms) = preSolution
		Debug|Any CPU = Debug|Any CPU
		Release|Any CPU = Release|Any CPU
	EndGlobalSection
	GlobalSection(ProjectConfigurationPlatforms) = postSolution
		{995AD61D-FF28-48BA-822F-7083B75129A5}.Debug|Any CPU.ActiveCfg = Debug|Any CPU
		{995AD61D-FF28-48BA-822F-7083B75129A5}.Debug|Any CPU.Build.0 = Debug|Any CPU
		{995AD61D-FF28-48BA-822F-7083B75129A5}.Release|Any CPU.ActiveCfg = Release|Any CPU
		{995AD61D-FF28-48BA-822F-7083B75129A5}.Release|Any CPU.Build.0 = Release|Any CPU
		{14434342-85BE-4D7C-85B4-7CFA96274C32}.Debug|Any CPU.ActiveCfg = Debug|Any CPU
		{14434342-85BE-4D7C-85B4-7CFA96274C32}.Debug|Any CPU.Build.0 = Debug|Any CPU
		{14434342-85BE-4D7C-85B4-7CFA96274C32}.Release|Any CPU.ActiveCfg = Release|Any CPU
		{14434342-85BE-4D7C-85B4-7CFA96274C32}.Release|Any CPU.Build.0 = Release|Any CPU
		{74CD9785-38EE-47FE-8DDE-712BE9E22AFA}.Debug|Any CPU.ActiveCfg = Debug|Any CPU
		{74CD9785-38EE-47FE-8DDE-712BE9E22AFA}.Debug|Any CPU.Build.0 = Debug|Any CPU
		{74CD9785-38EE-47FE-8DDE-712BE9E22AFA}.Release|Any CPU.ActiveCfg = Release|Any CPU
		{74CD9785-38EE-47FE-8DDE-712BE9E22AFA}.Release|Any CPU.Build.0 = Release|Any CPU
		{384941AF-E484-4FC8-AA22-E2305FC9641B}.Debug|Any CPU.ActiveCfg = Debug|Any CPU
		{384941AF-E484-4FC8-AA22-E2305FC9641B}.Debug|Any CPU.Build.0 = Debug|Any CPU
		{384941AF-E484-4FC8-AA22-E2305FC9641B}.Release|Any CPU.ActiveCfg = Release|Any CPU
		{384941AF-E484-4FC8-AA22-E2305FC9641B}.Release|Any CPU.Build.0 = Release|Any CPU
		{C234A3ED-F631-4DE4-93DD-0AA04D3B54C4}.Debug|Any CPU.ActiveCfg = Debug|Any CPU
		{C234A3ED-F631-4DE4-93DD-0AA04D3B54C4}.Debug|Any CPU.Build.0 = Debug|Any CPU
		{C234A3ED-F631-4DE4-93DD-0AA04D3B54C4}.Release|Any CPU.ActiveCfg = Release|Any CPU
		{C234A3ED-F631-4DE4-93DD-0AA04D3B54C4}.Release|Any CPU.Build.0 = Release|Any CPU
		{B7580A06-9374-46F5-91B4-CD11AC156733}.Debug|Any CPU.ActiveCfg = Debug|Any CPU
		{B7580A06-9374-46F5-91B4-CD11AC156733}.Debug|Any CPU.Build.0 = Debug|Any CPU
		{B7580A06-9374-46F5-91B4-CD11AC156733}.Release|Any CPU.ActiveCfg = Release|Any CPU
		{B7580A06-9374-46F5-91B4-CD11AC156733}.Release|Any CPU.Build.0 = Release|Any CPU
		{D4E22E05-7A49-4B9A-81D1-B406B0078492}.Debug|Any CPU.ActiveCfg = Debug|Any CPU
		{D4E22E05-7A49-4B9A-81D1-B406B0078492}.Debug|Any CPU.Build.0 = Debug|Any CPU
		{D4E22E05-7A49-4B9A-81D1-B406B0078492}.Release|Any CPU.ActiveCfg = Release|Any CPU
		{D4E22E05-7A49-4B9A-81D1-B406B0078492}.Release|Any CPU.Build.0 = Release|Any CPU
	EndGlobalSection
	GlobalSection(SolutionProperties) = preSolution
		HideSolutionNode = FALSE
	EndGlobalSection
	GlobalSection(NestedProjects) = preSolution
		{995AD61D-FF28-48BA-822F-7083B75129A5} = {2E26F726-6515-428F-BAC0-54EA113F3C31}
		{14434342-85BE-4D7C-85B4-7CFA96274C32} = {9CEDDFE1-0948-4022-99BA-3C09D942037D}
		{74CD9785-38EE-47FE-8DDE-712BE9E22AFA} = {D2B6F5C0-0D7A-4E70-A52E-CC39BE1857FE}
		{F9A3034D-6194-4BD6-AFED-68BC342DADC9} = {33BE4197-1BAC-47AB-93F4-B9936D86C1A1}
		{E3C893B5-5473-4612-81EB-A7FC5EFADB14} = {F9A3034D-6194-4BD6-AFED-68BC342DADC9}
		{D89EC720-AFD6-4F77-876C-124E31241BE6} = {F9A3034D-6194-4BD6-AFED-68BC342DADC9}
		{B9912505-B36C-45B2-A7D5-D72B446CE08C} = {F9A3034D-6194-4BD6-AFED-68BC342DADC9}
		{70E3550D-8297-4914-91C3-D9D50353C540} = {F9A3034D-6194-4BD6-AFED-68BC342DADC9}
		{384941AF-E484-4FC8-AA22-E2305FC9641B} = {E3C893B5-5473-4612-81EB-A7FC5EFADB14}
		{C234A3ED-F631-4DE4-93DD-0AA04D3B54C4} = {B9912505-B36C-45B2-A7D5-D72B446CE08C}
		{B7580A06-9374-46F5-91B4-CD11AC156733} = {70E3550D-8297-4914-91C3-D9D50353C540}
		{D4E22E05-7A49-4B9A-81D1-B406B0078492} = {D89EC720-AFD6-4F77-876C-124E31241BE6}
	EndGlobalSection
	GlobalSection(ExtensibilityGlobals) = postSolution
		SolutionGuid = {C5FF1524-538B-4D62-A778-19C83CF6C162}
	EndGlobalSection
EndGlobal
